
Microsoft Visual Studio Solution File, Format Version 12.00
# Visual Studio Version 17
VisualStudioVersion = 17.14.36705.20
MinimumVisualStudioVersion = 10.0.40219.1
Project("{FAE04EC0-301F-11D3-BF4B-00C04F79EFBC}") = "MiniBiblioteca.Domain", "MiniBiblioteca.Domain\MiniBiblioteca.Domain.csproj", "{4BF95A22-A245-4644-90CC-EA0C7D36278D}"
EndProject
Project("{FAE04EC0-301F-11D3-BF4B-00C04F79EFBC}") = "MiniBiblioteca.Application", "MiniBiblioteca.Application\MiniBiblioteca.Application.csproj", "{6B3B9A6D-8C08-479F-B2C2-E3BE58090825}"
EndProject
Project("{FAE04EC0-301F-11D3-BF4B-00C04F79EFBC}") = "MiniBiblioteca.Infrastructure", "MiniBiblioteca.Infrastructure\MiniBiblioteca.Infrastructure.csproj", "{E046B6C6-CD1F-4850-86EF-F7C00DA136A1}"
EndProject
Project("{FAE04EC0-301F-11D3-BF4B-00C04F79EFBC}") = "MiniBiblioteca.App", "MiniBiblioteca.App\MiniBiblioteca.App.csproj", "{C607BE31-F58E-4F7C-B7FD-976A985DDDBF}"
EndProject
Global
	GlobalSection(SolutionConfigurationPlatforms) = preSolution
		Debug|Any CPU = Debug|Any CPU
		Release|Any CPU = Release|Any CPU
	EndGlobalSection
	GlobalSection(ProjectConfigurationPlatforms) = postSolution
		{4BF95A22-A245-4644-90CC-EA0C7D36278D}.Debug|Any CPU.ActiveCfg = Debug|Any CPU
		{4BF95A22-A245-4644-90CC-EA0C7D36278D}.Debug|Any CPU.Build.0 = Debug|Any CPU
		{4BF95A22-A245-4644-90CC-EA0C7D36278D}.Release|Any CPU.ActiveCfg = Release|Any CPU
		{4BF95A22-A245-4644-90CC-EA0C7D36278D}.Release|Any CPU.Build.0 = Release|Any CPU
		{6B3B9A6D-8C08-479F-B2C2-E3BE58090825}.Debug|Any CPU.ActiveCfg = Debug|Any CPU
		{6B3B9A6D-8C08-479F-B2C2-E3BE58090825}.Debug|Any CPU.Build.0 = Debug|Any CPU
		{6B3B9A6D-8C08-479F-B2C2-E3BE58090825}.Release|Any CPU.ActiveCfg = Release|Any CPU
		{6B3B9A6D-8C08-479F-B2C2-E3BE58090825}.Release|Any CPU.Build.0 = Release|Any CPU
		{E046B6C6-CD1F-4850-86EF-F7C00DA136A1}.Debug|Any CPU.ActiveCfg = Debug|Any CPU
		{E046B6C6-CD1F-4850-86EF-F7C00DA136A1}.Debug|Any CPU.Build.0 = Debug|Any CPU
		{E046B6C6-CD1F-4850-86EF-F7C00DA136A1}.Release|Any CPU.ActiveCfg = Release|Any CPU
		{E046B6C6-CD1F-4850-86EF-F7C00DA136A1}.Release|Any CPU.Build.0 = Release|Any CPU
		{C607BE31-F58E-4F7C-B7FD-976A985DDDBF}.Debug|Any CPU.ActiveCfg = Debug|Any CPU
		{C607BE31-F58E-4F7C-B7FD-976A985DDDBF}.Debug|Any CPU.Build.0 = Debug|Any CPU
		{C607BE31-F58E-4F7C-B7FD-976A985DDDBF}.Release|Any CPU.ActiveCfg = Release|Any CPU
		{C607BE31-F58E-4F7C-B7FD-976A985DDDBF}.Release|Any CPU.Build.0 = Release|Any CPU
	EndGlobalSection
	GlobalSection(SolutionProperties) = preSolution
		HideSolutionNode = FALSE
	EndGlobalSection
	GlobalSection(ExtensibilityGlobals) = postSolution
		SolutionGuid = {CF5EBB03-2B12-4B42-81FD-353407A495B1}
	EndGlobalSection
EndGlobal
